// !$*UTF8*$!
{
	archiveVersion = 1;
	classes = {
	};
	objectVersion = 55;
	objects = {

/* Begin PBXBuildFile section */
		02286C8E29CB016600664E07 /* StockNewsAPIApp.swift in Sources */ = {isa = PBXBuildFile; fileRef = 02286C8D29CB016600664E07 /* StockNewsAPIApp.swift */; };
		02286C9029CB016600664E07 /* ContentView.swift in Sources */ = {isa = PBXBuildFile; fileRef = 02286C8F29CB016600664E07 /* ContentView.swift */; };
		02286C9229CB016800664E07 /* Assets.xcassets in Resources */ = {isa = PBXBuildFile; fileRef = 02286C9129CB016800664E07 /* Assets.xcassets */; };
		02286C9529CB016800664E07 /* Preview Assets.xcassets in Resources */ = {isa = PBXBuildFile; fileRef = 02286C9429CB016800664E07 /* Preview Assets.xcassets */; };
		02286C9F29CB016900664E07 /* StockNewsAPITests.swift in Sources */ = {isa = PBXBuildFile; fileRef = 02286C9E29CB016900664E07 /* StockNewsAPITests.swift */; };
		02286CA929CB016900664E07 /* StockNewsAPIUITests.swift in Sources */ = {isa = PBXBuildFile; fileRef = 02286CA829CB016900664E07 /* StockNewsAPIUITests.swift */; };
		02286CAB29CB016900664E07 /* StockNewsAPIUITestsLaunchTests.swift in Sources */ = {isa = PBXBuildFile; fileRef = 02286CAA29CB016900664E07 /* StockNewsAPIUITestsLaunchTests.swift */; };
/* End PBXBuildFile section */

/* Begin PBXContainerItemProxy section */
		02286C9B29CB016900664E07 /* PBXContainerItemProxy */ = {
			isa = PBXContainerItemProxy;
			containerPortal = 02286C8229CB016600664E07 /* Project object */;
			proxyType = 1;
			remoteGlobalIDString = 02286C8929CB016600664E07;
			remoteInfo = StockNewsAPI;
		};
		02286CA529CB016900664E07 /* PBXContainerItemProxy */ = {
			isa = PBXContainerItemProxy;
			containerPortal = 02286C8229CB016600664E07 /* Project object */;
			proxyType = 1;
			remoteGlobalIDString = 02286C8929CB016600664E07;
			remoteInfo = StockNewsAPI;
		};
/* End PBXContainerItemProxy section */

/* Begin PBXFileReference section */
		02286C8A29CB016600664E07 /* StockNewsAPI.app */ = {isa = PBXFileReference; explicitFileType = wrapper.application; includeInIndex = 0; path = StockNewsAPI.app; sourceTree = BUILT_PRODUCTS_DIR; };
		02286C8D29CB016600664E07 /* StockNewsAPIApp.swift */ = {isa = PBXFileReference; lastKnownFileType = sourcecode.swift; path = StockNewsAPIApp.swift; sourceTree = "<group>"; };
		02286C8F29CB016600664E07 /* ContentView.swift */ = {isa = PBXFileReference; lastKnownFileType = sourcecode.swift; path = ContentView.swift; sourceTree = "<group>"; };
		02286C9129CB016800664E07 /* Assets.xcassets */ = {isa = PBXFileReference; lastKnownFileType = folder.assetcatalog; path = Assets.xcassets; sourceTree = "<group>"; };
		02286C9429CB016800664E07 /* Preview Assets.xcassets */ = {isa = PBXFileReference; lastKnownFileType = folder.assetcatalog; path = "Preview Assets.xcassets"; sourceTree = "<group>"; };
		02286C9A29CB016900664E07 /* StockNewsAPITests.xctest */ = {isa = PBXFileReference; explicitFileType = wrapper.cfbundle; includeInIndex = 0; path = StockNewsAPITests.xctest; sourceTree = BUILT_PRODUCTS_DIR; };
		02286C9E29CB016900664E07 /* StockNewsAPITests.swift */ = {isa = PBXFileReference; lastKnownFileType = sourcecode.swift; path = StockNewsAPITests.swift; sourceTree = "<group>"; };
		02286CA429CB016900664E07 /* StockNewsAPIUITests.xctest */ = {isa = PBXFileReference; explicitFileType = wrapper.cfbundle; includeInIndex = 0; path = StockNewsAPIUITests.xctest; sourceTree = BUILT_PRODUCTS_DIR; };
		02286CA829CB016900664E07 /* StockNewsAPIUITests.swift */ = {isa = PBXFileReference; lastKnownFileType = sourcecode.swift; path = StockNewsAPIUITests.swift; sourceTree = "<group>"; };
		02286CAA29CB016900664E07 /* StockNewsAPIUITestsLaunchTests.swift */ = {isa = PBXFileReference; lastKnownFileType = sourcecode.swift; path = StockNewsAPIUITestsLaunchTests.swift; sourceTree = "<group>"; };
/* End PBXFileReference section */

/* Begin PBXFrameworksBuildPhase section */
		02286C8729CB016600664E07 /* Frameworks */ = {
			isa = PBXFrameworksBuildPhase;
			buildActionMask = 2147483647;
			files = (
			);
			runOnlyForDeploymentPostprocessing = 0;
		};
		02286C9729CB016900664E07 /* Frameworks */ = {
			isa = PBXFrameworksBuildPhase;
			buildActionMask = 2147483647;
			files = (
			);
			runOnlyForDeploymentPostprocessing = 0;
		};
		02286CA129CB016900664E07 /* Frameworks */ = {
			isa = PBXFrameworksBuildPhase;
			buildActionMask = 2147483647;
			files = (
			);
			runOnlyForDeploymentPostprocessing = 0;
		};
/* End PBXFrameworksBuildPhase section */

/* Begin PBXGroup section */
		02286C8129CB016600664E07 = {
			isa = PBXGroup;
			children = (
				02286C8C29CB016600664E07 /* StockNewsAPI */,
				02286C9D29CB016900664E07 /* StockNewsAPITests */,
				02286CA729CB016900664E07 /* StockNewsAPIUITests */,
				02286C8B29CB016600664E07 /* Products */,
			);
			sourceTree = "<group>";
		};
		02286C8B29CB016600664E07 /* Products */ = {
			isa = PBXGroup;
			children = (
				02286C8A29CB016600664E07 /* StockNewsAPI.app */,
				02286C9A29CB016900664E07 /* StockNewsAPITests.xctest */,
				02286CA429CB016900664E07 /* StockNewsAPIUITests.xctest */,
			);
			name = Products;
			sourceTree = "<group>";
		};
		02286C8C29CB016600664E07 /* StockNewsAPI */ = {
			isa = PBXGroup;
			children = (
				02286C8D29CB016600664E07 /* StockNewsAPIApp.swift */,
				02286C8F29CB016600664E07 /* ContentView.swift */,
				02286C9129CB016800664E07 /* Assets.xcassets */,
				02286C9329CB016800664E07 /* Preview Content */,
			);
			path = StockNewsAPI;
			sourceTree = "<group>";
		};
		02286C9329CB016800664E07 /* Preview Content */ = {
			isa = PBXGroup;
			children = (
				02286C9429CB016800664E07 /* Preview Assets.xcassets */,
			);
			path = "Preview Content";
			sourceTree = "<group>";
		};
		02286C9D29CB016900664E07 /* StockNewsAPITests */ = {
			isa = PBXGroup;
			children = (
				02286C9E29CB016900664E07 /* StockNewsAPITests.swift */,
			);
			path = StockNewsAPITests;
			sourceTree = "<group>";
		};
		02286CA729CB016900664E07 /* StockNewsAPIUITests */ = {
			isa = PBXGroup;
			children = (
				02286CA829CB016900664E07 /* StockNewsAPIUITests.swift */,
				02286CAA29CB016900664E07 /* StockNewsAPIUITestsLaunchTests.swift */,
			);
			path = StockNewsAPIUITests;
			sourceTree = "<group>";
		};
/* End PBXGroup section */

/* Begin PBXNativeTarget section */
		02286C8929CB016600664E07 /* StockNewsAPI */ = {
			isa = PBXNativeTarget;
			buildConfigurationList = 02286CAE29CB016900664E07 /* Build configuration list for PBXNativeTarget "StockNewsAPI" */;
			buildPhases = (
				02286C8629CB016600664E07 /* Sources */,
				02286C8729CB016600664E07 /* Frameworks */,
				02286C8829CB016600664E07 /* Resources */,
			);
			buildRules = (
			);
			dependencies = (
			);
			name = StockNewsAPI;
			productName = StockNewsAPI;
			productReference = 02286C8A29CB016600664E07 /* StockNewsAPI.app */;
			productType = "com.apple.product-type.application";
		};
		02286C9929CB016900664E07 /* StockNewsAPITests */ = {
			isa = PBXNativeTarget;
			buildConfigurationList = 02286CB129CB016900664E07 /* Build configuration list for PBXNativeTarget "StockNewsAPITests" */;
			buildPhases = (
				02286C9629CB016900664E07 /* Sources */,
				02286C9729CB016900664E07 /* Frameworks */,
				02286C9829CB016900664E07 /* Resources */,
			);
			buildRules = (
			);
			dependencies = (
				02286C9C29CB016900664E07 /* PBXTargetDependency */,
			);
			name = StockNewsAPITests;
			productName = StockNewsAPITests;
			productReference = 02286C9A29CB016900664E07 /* StockNewsAPITests.xctest */;
			productType = "com.apple.product-type.bundle.unit-test";
		};
		02286CA329CB016900664E07 /* StockNewsAPIUITests */ = {
			isa = PBXNativeTarget;
			buildConfigurationList = 02286CB429CB016900664E07 /* Build configuration list for PBXNativeTarget "StockNewsAPIUITests" */;
			buildPhases = (
				02286CA029CB016900664E07 /* Sources */,
				02286CA129CB016900664E07 /* Frameworks */,
				02286CA229CB016900664E07 /* Resources */,
			);
			buildRules = (
			);
			dependencies = (
				02286CA629CB016900664E07 /* PBXTargetDependency */,
			);
			name = StockNewsAPIUITests;
			productName = StockNewsAPIUITests;
			productReference = 02286CA429CB016900664E07 /* StockNewsAPIUITests.xctest */;
			productType = "com.apple.product-type.bundle.ui-testing";
		};
/* End PBXNativeTarget section */

/* Begin PBXProject section */
		02286C8229CB016600664E07 /* Project object */ = {
			isa = PBXProject;
			attributes = {
				BuildIndependentTargetsInParallel = 1;
				LastSwiftUpdateCheck = 1320;
				LastUpgradeCheck = 1320;
				TargetAttributes = {
					02286C8929CB016600664E07 = {
						CreatedOnToolsVersion = 13.2.1;
					};
					02286C9929CB016900664E07 = {
						CreatedOnToolsVersion = 13.2.1;
						TestTargetID = 02286C8929CB016600664E07;
					};
					02286CA329CB016900664E07 = {
						CreatedOnToolsVersion = 13.2.1;
						TestTargetID = 02286C8929CB016600664E07;
					};
				};
			};
			buildConfigurationList = 02286C8529CB016600664E07 /* Build configuration list for PBXProject "StockNewsAPI" */;
			compatibilityVersion = "Xcode 13.0";
			developmentRegion = en;
			hasScannedForEncodings = 0;
			knownRegions = (
				en,
				Base,
			);
			mainGroup = 02286C8129CB016600664E07;
			productRefGroup = 02286C8B29CB016600664E07 /* Products */;
			projectDirPath = "";
			projectRoot = "";
			targets = (
				02286C8929CB016600664E07 /* StockNewsAPI */,
				02286C9929CB016900664E07 /* StockNewsAPITests */,
				02286CA329CB016900664E07 /* StockNewsAPIUITests */,
			);
		};
/* End PBXProject section */

/* Begin PBXResourcesBuildPhase section */
		02286C8829CB016600664E07 /* Resources */ = {
			isa = PBXResourcesBuildPhase;
			buildActionMask = 2147483647;
			files = (
				02286C9529CB016800664E07 /* Preview Assets.xcassets in Resources */,
				02286C9229CB016800664E07 /* Assets.xcassets in Resources */,
			);
			runOnlyForDeploymentPostprocessing = 0;
		};
		02286C9829CB016900664E07 /* Resources */ = {
			isa = PBXResourcesBuildPhase;
			buildActionMask = 2147483647;
			files = (
			);
			runOnlyForDeploymentPostprocessing = 0;
		};
		02286CA229CB016900664E07 /* Resources */ = {
			isa = PBXResourcesBuildPhase;
			buildActionMask = 2147483647;
			files = (
			);
			runOnlyForDeploymentPostprocessing = 0;
		};
/* End PBXResourcesBuildPhase section */

/* Begin PBXSourcesBuildPhase section */
		02286C8629CB016600664E07 /* Sources */ = {
			isa = PBXSourcesBuildPhase;
			buildActionMask = 2147483647;
			files = (
				02286C9029CB016600664E07 /* ContentView.swift in Sources */,
				02286C8E29CB016600664E07 /* StockNewsAPIApp.swift in Sources */,
			);
			runOnlyForDeploymentPostprocessing = 0;
		};
		02286C9629CB016900664E07 /* Sources */ = {
			isa = PBXSourcesBuildPhase;
			buildActionMask = 2147483647;
			files = (
				02286C9F29CB016900664E07 /* StockNewsAPITests.swift in Sources */,
			);
			runOnlyForDeploymentPostprocessing = 0;
		};
		02286CA029CB016900664E07 /* Sources */ = {
			isa = PBXSourcesBuildPhase;
			buildActionMask = 2147483647;
			files = (
				02286CA929CB016900664E07 /* StockNewsAPIUITests.swift in Sources */,
				02286CAB29CB016900664E07 /* StockNewsAPIUITestsLaunchTests.swift in Sources */,
			);
			runOnlyForDeploymentPostprocessing = 0;
		};
/* End PBXSourcesBuildPhase section */

/* Begin PBXTargetDependency section */
		02286C9C29CB016900664E07 /* PBXTargetDependency */ = {
			isa = PBXTargetDependency;
			target = 02286C8929CB016600664E07 /* StockNewsAPI */;
			targetProxy = 02286C9B29CB016900664E07 /* PBXContainerItemProxy */;
		};
		02286CA629CB016900664E07 /* PBXTargetDependency */ = {
			isa = PBXTargetDependency;
			target = 02286C8929CB016600664E07 /* StockNewsAPI */;
			targetProxy = 02286CA529CB016900664E07 /* PBXContainerItemProxy */;
		};
/* End PBXTargetDependency section */

/* Begin XCBuildConfiguration section */
		02286CAC29CB016900664E07 /* Debug */ = {
			isa = XCBuildConfiguration;
			buildSettings = {
				ALWAYS_SEARCH_USER_PATHS = NO;
				CLANG_ANALYZER_NONNULL = YES;
				CLANG_ANALYZER_NUMBER_OBJECT_CONVERSION = YES_AGGRESSIVE;
				CLANG_CXX_LANGUAGE_STANDARD = "gnu++17";
				CLANG_CXX_LIBRARY = "libc++";
				CLANG_ENABLE_MODULES = YES;
				CLANG_ENABLE_OBJC_ARC = YES;
				CLANG_ENABLE_OBJC_WEAK = YES;
				CLANG_WARN_BLOCK_CAPTURE_AUTORELEASING = YES;
				CLANG_WARN_BOOL_CONVERSION = YES;
				CLANG_WARN_COMMA = YES;
				CLANG_WARN_CONSTANT_CONVERSION = YES;
				CLANG_WARN_DEPRECATED_OBJC_IMPLEMENTATIONS = YES;
				CLANG_WARN_DIRECT_OBJC_ISA_USAGE = YES_ERROR;
				CLANG_WARN_DOCUMENTATION_COMMENTS = YES;
				CLANG_WARN_EMPTY_BODY = YES;
				CLANG_WARN_ENUM_CONVERSION = YES;
				CLANG_WARN_INFINITE_RECURSION = YES;
				CLANG_WARN_INT_CONVERSION = YES;
				CLANG_WARN_NON_LITERAL_NULL_CONVERSION = YES;
				CLANG_WARN_OBJC_IMPLICIT_RETAIN_SELF = YES;
				CLANG_WARN_OBJC_LITERAL_CONVERSION = YES;
				CLANG_WARN_OBJC_ROOT_CLASS = YES_ERROR;
				CLANG_WARN_QUOTED_INCLUDE_IN_FRAMEWORK_HEADER = YES;
				CLANG_WARN_RANGE_LOOP_ANALYSIS = YES;
				CLANG_WARN_STRICT_PROTOTYPES = YES;
				CLANG_WARN_SUSPICIOUS_MOVE = YES;
				CLANG_WARN_UNGUARDED_AVAILABILITY = YES_AGGRESSIVE;
				CLANG_WARN_UNREACHABLE_CODE = YES;
				CLANG_WARN__DUPLICATE_METHOD_MATCH = YES;
				COPY_PHASE_STRIP = NO;
				DEBUG_INFORMATION_FORMAT = dwarf;
				ENABLE_STRICT_OBJC_MSGSEND = YES;
				ENABLE_TESTABILITY = YES;
				GCC_C_LANGUAGE_STANDARD = gnu11;
				GCC_DYNAMIC_NO_PIC = NO;
				GCC_NO_COMMON_BLOCKS = YES;
				GCC_OPTIMIZATION_LEVEL = 0;
				GCC_PREPROCESSOR_DEFINITIONS = (
					"DEBUG=1",
					"$(inherited)",
				);
				GCC_WARN_64_TO_32_BIT_CONVERSION = YES;
				GCC_WARN_ABOUT_RETURN_TYPE = YES_ERROR;
				GCC_WARN_UNDECLARED_SELECTOR = YES;
				GCC_WARN_UNINITIALIZED_AUTOS = YES_AGGRESSIVE;
				GCC_WARN_UNUSED_FUNCTION = YES;
				GCC_WARN_UNUSED_VARIABLE = YES;
				IPHONEOS_DEPLOYMENT_TARGET = 15.2;
				MTL_ENABLE_DEBUG_INFO = INCLUDE_SOURCE;
				MTL_FAST_MATH = YES;
				ONLY_ACTIVE_ARCH = YES;
				SDKROOT = iphoneos;
				SWIFT_ACTIVE_COMPILATION_CONDITIONS = DEBUG;
				SWIFT_OPTIMIZATION_LEVEL = "-Onone";
			};
			name = Debug;
		};
		02286CAD29CB016900664E07 /* Release */ = {
			isa = XCBuildConfiguration;
			buildSettings = {
				ALWAYS_SEARCH_USER_PATHS = NO;
				CLANG_ANALYZER_NONNULL = YES;
				CLANG_ANALYZER_NUMBER_OBJECT_CONVERSION = YES_AGGRESSIVE;
				CLANG_CXX_LANGUAGE_STANDARD = "gnu++17";
				CLANG_CXX_LIBRARY = "libc++";
				CLANG_ENABLE_MODULES = YES;
				CLANG_ENABLE_OBJC_ARC = YES;
				CLANG_ENABLE_OBJC_WEAK = YES;
				CLANG_WARN_BLOCK_CAPTURE_AUTORELEASING = YES;
				CLANG_WARN_BOOL_CONVERSION = YES;
				CLANG_WARN_COMMA = YES;
				CLANG_WARN_CONSTANT_CONVERSION = YES;
				CLANG_WARN_DEPRECATED_OBJC_IMPLEMENTATIONS = YES;
				CLANG_WARN_DIRECT_OBJC_ISA_USAGE = YES_ERROR;
				CLANG_WARN_DOCUMENTATION_COMMENTS = YES;
				CLANG_WARN_EMPTY_BODY = YES;
				CLANG_WARN_ENUM_CONVERSION = YES;
				CLANG_WARN_INFINITE_RECURSION = YES;
				CLANG_WARN_INT_CONVERSION = YES;
				CLANG_WARN_NON_LITERAL_NULL_CONVERSION = YES;
				CLANG_WARN_OBJC_IMPLICIT_RETAIN_SELF = YES;
				CLANG_WARN_OBJC_LITERAL_CONVERSION = YES;
				CLANG_WARN_OBJC_ROOT_CLASS = YES_ERROR;
				CLANG_WARN_QUOTED_INCLUDE_IN_FRAMEWORK_HEADER = YES;
				CLANG_WARN_RANGE_LOOP_ANALYSIS = YES;
				CLANG_WARN_STRICT_PROTOTYPES = YES;
				CLANG_WARN_SUSPICIOUS_MOVE = YES;
				CLANG_WARN_UNGUARDED_AVAILABILITY = YES_AGGRESSIVE;
				CLANG_WARN_UNREACHABLE_CODE = YES;
				CLANG_WARN__DUPLICATE_METHOD_MATCH = YES;
				COPY_PHASE_STRIP = NO;
				DEBUG_INFORMATION_FORMAT = "dwarf-with-dsym";
				ENABLE_NS_ASSERTIONS = NO;
				ENABLE_STRICT_OBJC_MSGSEND = YES;
				GCC_C_LANGUAGE_STANDARD = gnu11;
				GCC_NO_COMMON_BLOCKS = YES;
				GCC_WARN_64_TO_32_BIT_CONVERSION = YES;
				GCC_WARN_ABOUT_RETURN_TYPE = YES_ERROR;
				GCC_WARN_UNDECLARED_SELECTOR = YES;
				GCC_WARN_UNINITIALIZED_AUTOS = YES_AGGRESSIVE;
				GCC_WARN_UNUSED_FUNCTION = YES;
				GCC_WARN_UNUSED_VARIABLE = YES;
				IPHONEOS_DEPLOYMENT_TARGET = 15.2;
				MTL_ENABLE_DEBUG_INFO = NO;
				MTL_FAST_MATH = YES;
				SDKROOT = iphoneos;
				SWIFT_COMPILATION_MODE = wholemodule;
				SWIFT_OPTIMIZATION_LEVEL = "-O";
				VALIDATE_PRODUCT = YES;
			};
			name = Release;
		};
		02286CAF29CB016900664E07 /* Debug */ = {
			isa = XCBuildConfiguration;
			buildSettings = {
				ASSETCATALOG_COMPILER_APPICON_NAME = AppIcon;
				ASSETCATALOG_COMPILER_GLOBAL_ACCENT_COLOR_NAME = AccentColor;
				CODE_SIGN_STYLE = Automatic;
				CURRENT_PROJECT_VERSION = 1;
				DEVELOPMENT_ASSET_PATHS = "\"StockNewsAPI/Preview Content\"";
				ENABLE_PREVIEWS = YES;
				GENERATE_INFOPLIST_FILE = YES;
				INFOPLIST_KEY_UIApplicationSceneManifest_Generation = YES;
				INFOPLIST_KEY_UIApplicationSupportsIndirectInputEvents = YES;
				INFOPLIST_KEY_UILaunchScreen_Generation = YES;
				INFOPLIST_KEY_UISupportedInterfaceOrientations_iPad = "UIInterfaceOrientationPortrait UIInterfaceOrientationPortraitUpsideDown UIInterfaceOrientationLandscapeLeft UIInterfaceOrientationLandscapeRight";
				INFOPLIST_KEY_UISupportedInterfaceOrientations_iPhone = "UIInterfaceOrientationPortrait UIInterfaceOrientationLandscapeLeft UIInterfaceOrientationLandscapeRight";
				LD_RUNPATH_SEARCH_PATHS = (
					"$(inherited)",
					"@executable_path/Frameworks",
				);
				MARKETING_VERSION = 1.0;
				PRODUCT_BUNDLE_IDENTIFIER = com.eton.ccomw.ml.StockNewsAPI;
				PRODUCT_NAME = "$(TARGET_NAME)";
				SWIFT_EMIT_LOC_STRINGS = YES;
				SWIFT_VERSION = 5.0;
				TARGETED_DEVICE_FAMILY = "1,2";
			};
			name = Debug;
		};
		02286CB029CB016900664E07 /* Release */ = {
			isa = XCBuildConfiguration;
			buildSettings = {
				ASSETCATALOG_COMPILER_APPICON_NAME = AppIcon;
				ASSETCATALOG_COMPILER_GLOBAL_ACCENT_COLOR_NAME = AccentColor;
				CODE_SIGN_STYLE = Automatic;
				CURRENT_PROJECT_VERSION = 1;
				DEVELOPMENT_ASSET_PATHS = "\"StockNewsAPI/Preview Content\"";
				ENABLE_PREVIEWS = YES;
				GENERATE_INFOPLIST_FILE = YES;
				INFOPLIST_KEY_UIApplicationSceneManifest_Generation = YES;
				INFOPLIST_KEY_UIApplicationSupportsIndirectInputEvents = YES;
				INFOPLIST_KEY_UILaunchScreen_Generation = YES;
				INFOPLIST_KEY_UISupportedInterfaceOrientations_iPad = "UIInterfaceOrientationPortrait UIInterfaceOrientationPortraitUpsideDown UIInterfaceOrientationLandscapeLeft UIInterfaceOrientationLandscapeRight";
				INFOPLIST_KEY_UISupportedInterfaceOrientations_iPhone = "UIInterfaceOrientationPortrait UIInterfaceOrientationLandscapeLeft UIInterfaceOrientationLandscapeRight";
				LD_RUNPATH_SEARCH_PATHS = (
					"$(inherited)",
					"@executable_path/Frameworks",
				);
				MARKETING_VERSION = 1.0;
				PRODUCT_BUNDLE_IDENTIFIER = com.eton.ccomw.ml.StockNewsAPI;
				PRODUCT_NAME = "$(TARGET_NAME)";
				SWIFT_EMIT_LOC_STRINGS = YES;
				SWIFT_VERSION = 5.0;
				TARGETED_DEVICE_FAMILY = "1,2";
			};
			name = Release;
		};
		02286CB229CB016900664E07 /* Debug */ = {
			isa = XCBuildConfiguration;
			buildSettings = {
				ALWAYS_EMBED_SWIFT_STANDARD_LIBRARIES = YES;
				BUNDLE_LOADER = "$(TEST_HOST)";
				CODE_SIGN_STYLE = Automatic;
				CURRENT_PROJECT_VERSION = 1;
				GENERATE_INFOPLIST_FILE = YES;
				IPHONEOS_DEPLOYMENT_TARGET = 15.2;
				MARKETING_VERSION = 1.0;
				PRODUCT_BUNDLE_IDENTIFIER = com.eton.ccomw.ml.StockNewsAPITests;
				PRODUCT_NAME = "$(TARGET_NAME)";
				SWIFT_EMIT_LOC_STRINGS = NO;
				SWIFT_VERSION = 5.0;
				TARGETED_DEVICE_FAMILY = "1,2";
				TEST_HOST = "$(BUILT_PRODUCTS_DIR)/StockNewsAPI.app/StockNewsAPI";
			};
			name = Debug;
		};
		02286CB329CB016900664E07 /* Release */ = {
			isa = XCBuildConfiguration;
			buildSettings = {
				ALWAYS_EMBED_SWIFT_STANDARD_LIBRARIES = YES;
				BUNDLE_LOADER = "$(TEST_HOST)";
				CODE_SIGN_STYLE = Automatic;
				CURRENT_PROJECT_VERSION = 1;
				GENERATE_INFOPLIST_FILE = YES;
				IPHONEOS_DEPLOYMENT_TARGET = 15.2;
				MARKETING_VERSION = 1.0;
				PRODUCT_BUNDLE_IDENTIFIER = com.eton.ccomw.ml.StockNewsAPITests;
				PRODUCT_NAME = "$(TARGET_NAME)";
				SWIFT_EMIT_LOC_STRINGS = NO;
				SWIFT_VERSION = 5.0;
				TARGETED_DEVICE_FAMILY = "1,2";
				TEST_HOST = "$(BUILT_PRODUCTS_DIR)/StockNewsAPI.app/StockNewsAPI";
			};
			name = Release;
		};
		02286CB529CB016900664E07 /* Debug */ = {
			isa = XCBuildConfiguration;
			buildSettings = {
				ALWAYS_EMBED_SWIFT_STANDARD_LIBRARIES = YES;
				CODE_SIGN_STYLE = Automatic;
				CURRENT_PROJECT_VERSION = 1;
				GENERATE_INFOPLIST_FILE = YES;
				MARKETING_VERSION = 1.0;
				PRODUCT_BUNDLE_IDENTIFIER = com.eton.ccomw.ml.StockNewsAPIUITests;
				PRODUCT_NAME = "$(TARGET_NAME)";
				SWIFT_EMIT_LOC_STRINGS = NO;
				SWIFT_VERSION = 5.0;
				TARGETED_DEVICE_FAMILY = "1,2";
				TEST_TARGET_NAME = StockNewsAPI;
			};
			name = Debug;
		};
		02286CB629CB016900664E07 /* Release */ = {
			isa = XCBuildConfiguration;
			buildSettings = {
				ALWAYS_EMBED_SWIFT_STANDARD_LIBRARIES = YES;
				CODE_SIGN_STYLE = Automatic;
				CURRENT_PROJECT_VERSION = 1;
				GENERATE_INFOPLIST_FILE = YES;
				MARKETING_VERSION = 1.0;
				PRODUCT_BUNDLE_IDENTIFIER = com.eton.ccomw.ml.StockNewsAPIUITests;
				PRODUCT_NAME = "$(TARGET_NAME)";
				SWIFT_EMIT_LOC_STRINGS = NO;
				SWIFT_VERSION = 5.0;
				TARGETED_DEVICE_FAMILY = "1,2";
				TEST_TARGET_NAME = StockNewsAPI;
			};
			name = Release;
		};
/* End XCBuildConfiguration section */

/* Begin XCConfigurationList section */
		02286C8529CB016600664E07 /* Build configuration list for PBXProject "StockNewsAPI" */ = {
			isa = XCConfigurationList;
			buildConfigurations = (
				02286CAC29CB016900664E07 /* Debug */,
				02286CAD29CB016900664E07 /* Release */,
			);
			defaultConfigurationIsVisible = 0;
			defaultConfigurationName = Release;
		};
		02286CAE29CB016900664E07 /* Build configuration list for PBXNativeTarget "StockNewsAPI" */ = {
			isa = XCConfigurationList;
			buildConfigurations = (
				02286CAF29CB016900664E07 /* Debug */,
				02286CB029CB016900664E07 /* Release */,
			);
			defaultConfigurationIsVisible = 0;
			defaultConfigurationName = Release;
		};
		02286CB129CB016900664E07 /* Build configuration list for PBXNativeTarget "StockNewsAPITests" */ = {
			isa = XCConfigurationList;
			buildConfigurations = (
				02286CB229CB016900664E07 /* Debug */,
				02286CB329CB016900664E07 /* Release */,
			);
			defaultConfigurationIsVisible = 0;
			defaultConfigurationName = Release;
		};
		02286CB429CB016900664E07 /* Build configuration list for PBXNativeTarget "StockNewsAPIUITests" */ = {
			isa = XCConfigurationList;
			buildConfigurations = (
				02286CB529CB016900664E07 /* Debug */,
				02286CB629CB016900664E07 /* Release */,
			);
			defaultConfigurationIsVisible = 0;
			defaultConfigurationName = Release;
		};
/* End XCConfigurationList section */
	};
	rootObject = 02286C8229CB016600664E07 /* Project object */;
}
